
Microsoft Visual Studio Solution File, Format Version 12.00
# Visual Studio Version 17
VisualStudioVersion = 17.1.32319.34
MinimumVisualStudioVersion = 10.0.40219.1
Project("{FAE04EC0-301F-11D3-BF4B-00C04F79EFBC}") = "WpfAppTask-1-2", "WpfAppTask-1-2\WpfAppTask-1-2.csproj", "{B64E5000-FAA7-45A3-B109-14A2507E494B}"
EndProject
Global
	GlobalSection(SolutionConfigurationPlatforms) = preSolution
		Debug|Any CPU = Debug|Any CPU
		Release|Any CPU = Release|Any CPU
	EndGlobalSection
	GlobalSection(ProjectConfigurationPlatforms) = postSolution
		{B64E5000-FAA7-45A3-B109-14A2507E494B}.Debug|Any CPU.ActiveCfg = Debug|Any CPU
		{B64E5000-FAA7-45A3-B109-14A2507E494B}.Debug|Any CPU.Build.0 = Debug|Any CPU
		{B64E5000-FAA7-45A3-B109-14A2507E494B}.Release|Any CPU.ActiveCfg = Release|Any CPU
		{B64E5000-FAA7-45A3-B109-14A2507E494B}.Release|Any CPU.Build.0 = Release|Any CPU
	EndGlobalSection
	GlobalSection(SolutionProperties) = preSolution
		HideSolutionNode = FALSE
	EndGlobalSection
	GlobalSection(ExtensibilityGlobals) = postSolution
		SolutionGuid = {E245E253-1B9C-4758-9D3E-17682DF04E3D}
	EndGlobalSection
EndGlobal
