Microsoft Visual Studio Solution File, Format Version 12.00
# Visual Studio Version 16
VisualStudioVersion = 16.0.31005.135
MinimumVisualStudioVersion = 10.0.40219.1
Project("{9A19103F-16F7-4668-BE54-9A1E7A4F7556}") = "Additional_Task", "Additional_Task\Additional_Task.csproj", "{FDB8FDE5-4ED6-4B92-A979-75E09391D14C}"
EndProject
Project("{9A19103F-16F7-4668-BE54-9A1E7A4F7556}") = "lesson-1", "lesson-1\lesson-1.csproj", "{CC1B1A2C-93BF-47F8-83EB-95C329C6FDEB}"
EndProject
Project("{FAE04EC0-301F-11D3-BF4B-00C04F79EFBC}") = "lesson-2-2", "lesson-2-2\lesson-2-2.csproj", "{91D024C7-F94C-4D4E-AEEA-0977C3855A44}"
EndProject
Project("{FAE04EC0-301F-11D3-BF4B-00C04F79EFBC}") = "lesson-2-1", "lesson-2-1\lesson-2-1.csproj", "{7B0F4273-5966-4D68-8A53-8B0B0966DD64}"
EndProject
Global
	GlobalSection(SolutionConfigurationPlatforms) = preSolution
		Debug|Any CPU = Debug|Any CPU
		Release|Any CPU = Release|Any CPU
	EndGlobalSection
	GlobalSection(ProjectConfigurationPlatforms) = postSolution
		{FDB8FDE5-4ED6-4B92-A979-75E09391D14C}.Debug|Any CPU.ActiveCfg = Debug|Any CPU
		{FDB8FDE5-4ED6-4B92-A979-75E09391D14C}.Debug|Any CPU.Build.0 = Debug|Any CPU
		{FDB8FDE5-4ED6-4B92-A979-75E09391D14C}.Release|Any CPU.ActiveCfg = Release|Any CPU
		{FDB8FDE5-4ED6-4B92-A979-75E09391D14C}.Release|Any CPU.Build.0 = Release|Any CPU
		{CC1B1A2C-93BF-47F8-83EB-95C329C6FDEB}.Debug|Any CPU.ActiveCfg = Debug|Any CPU
		{CC1B1A2C-93BF-47F8-83EB-95C329C6FDEB}.Debug|Any CPU.Build.0 = Debug|Any CPU
		{CC1B1A2C-93BF-47F8-83EB-95C329C6FDEB}.Release|Any CPU.ActiveCfg = Release|Any CPU
		{CC1B1A2C-93BF-47F8-83EB-95C329C6FDEB}.Release|Any CPU.Build.0 = Release|Any CPU
		{91D024C7-F94C-4D4E-AEEA-0977C3855A44}.Debug|Any CPU.ActiveCfg = Debug|Any CPU
		{91D024C7-F94C-4D4E-AEEA-0977C3855A44}.Debug|Any CPU.Build.0 = Debug|Any CPU
		{91D024C7-F94C-4D4E-AEEA-0977C3855A44}.Release|Any CPU.ActiveCfg = Release|Any CPU
		{91D024C7-F94C-4D4E-AEEA-0977C3855A44}.Release|Any CPU.Build.0 = Release|Any CPU
		{7B0F4273-5966-4D68-8A53-8B0B0966DD64}.Debug|Any CPU.ActiveCfg = Debug|Any CPU
		{7B0F4273-5966-4D68-8A53-8B0B0966DD64}.Debug|Any CPU.Build.0 = Debug|Any CPU
		{7B0F4273-5966-4D68-8A53-8B0B0966DD64}.Release|Any CPU.ActiveCfg = Release|Any CPU
		{7B0F4273-5966-4D68-8A53-8B0B0966DD64}.Release|Any CPU.Build.0 = Release|Any CPU
	EndGlobalSection
	GlobalSection(SolutionProperties) = preSolution
		HideSolutionNode = FALSE
	EndGlobalSection
	GlobalSection(ExtensibilityGlobals) = postSolution
		SolutionGuid = {8047E771-BDA1-4B44-A429-8FA597FA8FAA}
	EndGlobalSection
EndGlobal
