Microsoft Visual Studio Solution File, Format Version 12.00
# Visual Studio Version 16
VisualStudioVersion = 16.0.31005.135
MinimumVisualStudioVersion = 10.0.40219.1
Project("{9A19103F-16F7-4668-BE54-9A1E7A4F7556}") = "Additional_Task", "Additional_Task\Additional_Task.csproj", "{FDB8FDE5-4ED6-4B92-A979-75E09391D14C}"
EndProject
Project("{9A19103F-16F7-4668-BE54-9A1E7A4F7556}") = "lesson-1", "lesson-1\lesson-1.csproj", "{CC1B1A2C-93BF-47F8-83EB-95C329C6FDEB}"
EndProject
Project("{FAE04EC0-301F-11D3-BF4B-00C04F79EFBC}") = "lesson-2-4", "lesson-2-4\lesson-2-4.csproj", "{DC771953-BB66-4A18-9952-BC0D923A9B75}"
EndProject
Project("{FAE04EC0-301F-11D3-BF4B-00C04F79EFBC}") = "lesson-2-3", "lesson-2-3\lesson-2-3.csproj", "{14365D34-58A7-439B-9441-20D4FD5C0864}"
EndProject
Project("{FAE04EC0-301F-11D3-BF4B-00C04F79EFBC}") = "lesson-2-2", "lesson-2-2\lesson-2-2.csproj", "{91D024C7-F94C-4D4E-AEEA-0977C3855A44}"
EndProject
Project("{FAE04EC0-301F-11D3-BF4B-00C04F79EFBC}") = "lesson-2-1", "lesson-2-1\lesson-2-1.csproj", "{7B0F4273-5966-4D68-8A53-8B0B0966DD64}"
EndProject
Project("{FAE04EC0-301F-11D3-BF4B-00C04F79EFBC}") = "lesson-3-4", "lesson-3-4\lesson-3-4.csproj", "{5A0917DC-A6AE-4038-B6FF-4803CDD6C258}"
EndProject
Project("{FAE04EC0-301F-11D3-BF4B-00C04F79EFBC}") = "lesson-3-3", "lesson-3-3\lesson-3-3.csproj", "{E2EB7BE7-BA03-4D3E-877A-3374C12FAFDE}"
EndProject
Project("{FAE04EC0-301F-11D3-BF4B-00C04F79EFBC}") = "lesson-3-2", "lesson-3-2\lesson-3-2.csproj", "{45E261B8-5809-4AAD-9029-19FA6FBDFAFD}"
EndProject
Project("{FAE04EC0-301F-11D3-BF4B-00C04F79EFBC}") = "lesson-3-1", "lesson-3-1\lesson-3-1.csproj", "{E8FB1BDE-73FB-4E5B-A2E6-10C9C3693DE8}"
EndProject
Project("{FAE04EC0-301F-11D3-BF4B-00C04F79EFBC}") = "lesson-5-1", "lesson-5-1\lesson-5-1.csproj", "{538C3ECE-CB90-485C-9F4A-7DBC127D03C2}"
EndProject
Project("{FAE04EC0-301F-11D3-BF4B-00C04F79EFBC}") = "lesson-5-2", "lesson-5-2\lesson-5-2.csproj", "{6C70D093-D3C4-4A73-B41B-C3A3D8CF250F}"
EndProject
Global
	GlobalSection(SolutionConfigurationPlatforms) = preSolution
		Debug|Any CPU = Debug|Any CPU
		Release|Any CPU = Release|Any CPU
	EndGlobalSection
	GlobalSection(ProjectConfigurationPlatforms) = postSolution
		{FDB8FDE5-4ED6-4B92-A979-75E09391D14C}.Debug|Any CPU.ActiveCfg = Debug|Any CPU
		{FDB8FDE5-4ED6-4B92-A979-75E09391D14C}.Debug|Any CPU.Build.0 = Debug|Any CPU
		{FDB8FDE5-4ED6-4B92-A979-75E09391D14C}.Release|Any CPU.ActiveCfg = Release|Any CPU
		{FDB8FDE5-4ED6-4B92-A979-75E09391D14C}.Release|Any CPU.Build.0 = Release|Any CPU
		{CC1B1A2C-93BF-47F8-83EB-95C329C6FDEB}.Debug|Any CPU.ActiveCfg = Debug|Any CPU
		{CC1B1A2C-93BF-47F8-83EB-95C329C6FDEB}.Debug|Any CPU.Build.0 = Debug|Any CPU
		{CC1B1A2C-93BF-47F8-83EB-95C329C6FDEB}.Release|Any CPU.ActiveCfg = Release|Any CPU
		{CC1B1A2C-93BF-47F8-83EB-95C329C6FDEB}.Release|Any CPU.Build.0 = Release|Any CPU
		{DC771953-BB66-4A18-9952-BC0D923A9B75}.Debug|Any CPU.ActiveCfg = Debug|Any CPU
		{DC771953-BB66-4A18-9952-BC0D923A9B75}.Debug|Any CPU.Build.0 = Debug|Any CPU
		{DC771953-BB66-4A18-9952-BC0D923A9B75}.Release|Any CPU.ActiveCfg = Release|Any CPU
		{DC771953-BB66-4A18-9952-BC0D923A9B75}.Release|Any CPU.Build.0 = Release|Any CPU
		{14365D34-58A7-439B-9441-20D4FD5C0864}.Debug|Any CPU.ActiveCfg = Debug|Any CPU
		{14365D34-58A7-439B-9441-20D4FD5C0864}.Debug|Any CPU.Build.0 = Debug|Any CPU
		{14365D34-58A7-439B-9441-20D4FD5C0864}.Release|Any CPU.ActiveCfg = Release|Any CPU
		{14365D34-58A7-439B-9441-20D4FD5C0864}.Release|Any CPU.Build.0 = Release|Any CPU
		{91D024C7-F94C-4D4E-AEEA-0977C3855A44}.Debug|Any CPU.ActiveCfg = Debug|Any CPU
		{91D024C7-F94C-4D4E-AEEA-0977C3855A44}.Debug|Any CPU.Build.0 = Debug|Any CPU
		{91D024C7-F94C-4D4E-AEEA-0977C3855A44}.Release|Any CPU.ActiveCfg = Release|Any CPU
		{91D024C7-F94C-4D4E-AEEA-0977C3855A44}.Release|Any CPU.Build.0 = Release|Any CPU
		{7B0F4273-5966-4D68-8A53-8B0B0966DD64}.Debug|Any CPU.ActiveCfg = Debug|Any CPU
		{7B0F4273-5966-4D68-8A53-8B0B0966DD64}.Debug|Any CPU.Build.0 = Debug|Any CPU
		{7B0F4273-5966-4D68-8A53-8B0B0966DD64}.Release|Any CPU.ActiveCfg = Release|Any CPU
		{7B0F4273-5966-4D68-8A53-8B0B0966DD64}.Release|Any CPU.Build.0 = Release|Any CPU
		{5A0917DC-A6AE-4038-B6FF-4803CDD6C258}.Debug|Any CPU.ActiveCfg = Debug|Any CPU
		{5A0917DC-A6AE-4038-B6FF-4803CDD6C258}.Debug|Any CPU.Build.0 = Debug|Any CPU
		{5A0917DC-A6AE-4038-B6FF-4803CDD6C258}.Release|Any CPU.ActiveCfg = Release|Any CPU
		{5A0917DC-A6AE-4038-B6FF-4803CDD6C258}.Release|Any CPU.Build.0 = Release|Any CPU
		{E2EB7BE7-BA03-4D3E-877A-3374C12FAFDE}.Debug|Any CPU.ActiveCfg = Debug|Any CPU
		{E2EB7BE7-BA03-4D3E-877A-3374C12FAFDE}.Debug|Any CPU.Build.0 = Debug|Any CPU
		{E2EB7BE7-BA03-4D3E-877A-3374C12FAFDE}.Release|Any CPU.ActiveCfg = Release|Any CPU
		{E2EB7BE7-BA03-4D3E-877A-3374C12FAFDE}.Release|Any CPU.Build.0 = Release|Any CPU
		{45E261B8-5809-4AAD-9029-19FA6FBDFAFD}.Debug|Any CPU.ActiveCfg = Debug|Any CPU
		{45E261B8-5809-4AAD-9029-19FA6FBDFAFD}.Debug|Any CPU.Build.0 = Debug|Any CPU
		{45E261B8-5809-4AAD-9029-19FA6FBDFAFD}.Release|Any CPU.ActiveCfg = Release|Any CPU
		{45E261B8-5809-4AAD-9029-19FA6FBDFAFD}.Release|Any CPU.Build.0 = Release|Any CPU
		{E8FB1BDE-73FB-4E5B-A2E6-10C9C3693DE8}.Debug|Any CPU.ActiveCfg = Debug|Any CPU
		{E8FB1BDE-73FB-4E5B-A2E6-10C9C3693DE8}.Debug|Any CPU.Build.0 = Debug|Any CPU
		{E8FB1BDE-73FB-4E5B-A2E6-10C9C3693DE8}.Release|Any CPU.ActiveCfg = Release|Any CPU
		{E8FB1BDE-73FB-4E5B-A2E6-10C9C3693DE8}.Release|Any CPU.Build.0 = Release|Any CPU
		{538C3ECE-CB90-485C-9F4A-7DBC127D03C2}.Debug|Any CPU.ActiveCfg = Debug|Any CPU
		{538C3ECE-CB90-485C-9F4A-7DBC127D03C2}.Debug|Any CPU.Build.0 = Debug|Any CPU
		{538C3ECE-CB90-485C-9F4A-7DBC127D03C2}.Release|Any CPU.ActiveCfg = Release|Any CPU
		{538C3ECE-CB90-485C-9F4A-7DBC127D03C2}.Release|Any CPU.Build.0 = Release|Any CPU
		{6C70D093-D3C4-4A73-B41B-C3A3D8CF250F}.Debug|Any CPU.ActiveCfg = Debug|Any CPU
		{6C70D093-D3C4-4A73-B41B-C3A3D8CF250F}.Debug|Any CPU.Build.0 = Debug|Any CPU
		{6C70D093-D3C4-4A73-B41B-C3A3D8CF250F}.Release|Any CPU.ActiveCfg = Release|Any CPU
		{6C70D093-D3C4-4A73-B41B-C3A3D8CF250F}.Release|Any CPU.Build.0 = Release|Any CPU
	EndGlobalSection
	GlobalSection(SolutionProperties) = preSolution
		HideSolutionNode = FALSE
	EndGlobalSection
	GlobalSection(ExtensibilityGlobals) = postSolution
		SolutionGuid = {8047E771-BDA1-4B44-A429-8FA597FA8FAA}
	EndGlobalSection
EndGlobal
