
Microsoft Visual Studio Solution File, Format Version 12.00
# Visual Studio Version 16
VisualStudioVersion = 16.0.31205.134
MinimumVisualStudioVersion = 10.0.40219.1
Project("{9A19103F-16F7-4668-BE54-9A1E7A4F7556}") = "lesson-1.HomeWork-1", "lesson-1.HomeWork-1\lesson-1.HomeWork-1.csproj", "{BC105C3E-F8B1-415B-8678-B5E2457AA362}"
EndProject
Project("{9A19103F-16F7-4668-BE54-9A1E7A4F7556}") = "lesson-1.HomeWork-2", "lesson-1.HomeWork-2\lesson-1.HomeWork-2.csproj", "{052A77BF-64FD-4558-87FF-6A107D968F43}"
EndProject
Project("{9A19103F-16F7-4668-BE54-9A1E7A4F7556}") = "lesson-1.HomeWork-3", "lesson-1.HomeWork-3\lesson-1.HomeWork-3.csproj", "{4396CF6B-E31E-49DF-8AF6-AC6B0A595897}"
EndProject
Project("{FAE04EC0-301F-11D3-BF4B-00C04F79EFBC}") = "lesson-2.HomeWork-1", "lesson-2.HomeWork-1\lesson-2.HomeWork-1.csproj", "{CFE6641F-035D-4BAF-BC63-194BC9D3CEC6}"
EndProject
Project("{FAE04EC0-301F-11D3-BF4B-00C04F79EFBC}") = "lesson-2.HomeWork-2", "lesson-2.HomeWork-2\lesson-2.HomeWork-2.csproj", "{0AC7CA96-D10F-4418-AC14-707A71698182}"
EndProject
Project("{FAE04EC0-301F-11D3-BF4B-00C04F79EFBC}") = "lesson-3.HomeWork-1", "lesson-3.HomeWork-1\lesson-3.HomeWork-1.csproj", "{686221D0-C79B-499E-BFEE-B512A2F1156F}"
EndProject
Project("{FAE04EC0-301F-11D3-BF4B-00C04F79EFBC}") = "lesson-4.HomeWork-1", "lesson-4.HomeWork-1\lesson-4.HomeWork-1.csproj", "{26473018-3DF2-42E4-8591-0E0B0241E89F}"
EndProject
Project("{FAE04EC0-301F-11D3-BF4B-00C04F79EFBC}") = "lesson-4.HomeWork-2", "lesson-4.HomeWork-2\lesson-4.HomeWork-2.csproj", "{56B6AEF6-CE36-4DFD-8BFD-E11FBD2F522E}"
EndProject
Project("{FAE04EC0-301F-11D3-BF4B-00C04F79EFBC}") = "lesson-4.HomeWork.Library", "lesson-4.HomeWork.Library\lesson-4.HomeWork.Library.csproj", "{02DC14D6-E88B-4B2F-8036-806DCCCA2EB6}"
Project("{FAE04EC0-301F-11D3-BF4B-00C04F79EFBC}") = "lesson-5.HomeWork-1", "lesson-5.HomeWork-1\lesson-5.HomeWork-1.csproj", "{A6AB4352-77EC-4188-8CD9-2F056271432A}"
EndProject
Project("{FAE04EC0-301F-11D3-BF4B-00C04F79EFBC}") = "lesson-8.HomeWork", "lesson-8.HomeWork\lesson-8.HomeWork.csproj", "{733685ED-8072-461F-BC81-1FD8D8205647}"
EndProject
Global
	GlobalSection(SolutionConfigurationPlatforms) = preSolution
		Debug|Any CPU = Debug|Any CPU
		Release|Any CPU = Release|Any CPU
	EndGlobalSection
	GlobalSection(ProjectConfigurationPlatforms) = postSolution
		{BC105C3E-F8B1-415B-8678-B5E2457AA362}.Debug|Any CPU.ActiveCfg = Debug|Any CPU
		{BC105C3E-F8B1-415B-8678-B5E2457AA362}.Debug|Any CPU.Build.0 = Debug|Any CPU
		{BC105C3E-F8B1-415B-8678-B5E2457AA362}.Release|Any CPU.ActiveCfg = Release|Any CPU
		{BC105C3E-F8B1-415B-8678-B5E2457AA362}.Release|Any CPU.Build.0 = Release|Any CPU
		{052A77BF-64FD-4558-87FF-6A107D968F43}.Debug|Any CPU.ActiveCfg = Debug|Any CPU
		{052A77BF-64FD-4558-87FF-6A107D968F43}.Debug|Any CPU.Build.0 = Debug|Any CPU
		{052A77BF-64FD-4558-87FF-6A107D968F43}.Release|Any CPU.ActiveCfg = Release|Any CPU
		{052A77BF-64FD-4558-87FF-6A107D968F43}.Release|Any CPU.Build.0 = Release|Any CPU
		{4396CF6B-E31E-49DF-8AF6-AC6B0A595897}.Debug|Any CPU.ActiveCfg = Debug|Any CPU
		{4396CF6B-E31E-49DF-8AF6-AC6B0A595897}.Debug|Any CPU.Build.0 = Debug|Any CPU
		{4396CF6B-E31E-49DF-8AF6-AC6B0A595897}.Release|Any CPU.ActiveCfg = Release|Any CPU
		{4396CF6B-E31E-49DF-8AF6-AC6B0A595897}.Release|Any CPU.Build.0 = Release|Any CPU
		{686221D0-C79B-499E-BFEE-B512A2F1156F}.Debug|Any CPU.ActiveCfg = Debug|Any CPU
		{686221D0-C79B-499E-BFEE-B512A2F1156F}.Debug|Any CPU.Build.0 = Debug|Any CPU
		{686221D0-C79B-499E-BFEE-B512A2F1156F}.Release|Any CPU.ActiveCfg = Release|Any CPU
		{686221D0-C79B-499E-BFEE-B512A2F1156F}.Release|Any CPU.Build.0 = Release|Any CPU
		{CFE6641F-035D-4BAF-BC63-194BC9D3CEC6}.Debug|Any CPU.ActiveCfg = Debug|Any CPU
		{CFE6641F-035D-4BAF-BC63-194BC9D3CEC6}.Debug|Any CPU.Build.0 = Debug|Any CPU
		{CFE6641F-035D-4BAF-BC63-194BC9D3CEC6}.Release|Any CPU.ActiveCfg = Release|Any CPU
		{CFE6641F-035D-4BAF-BC63-194BC9D3CEC6}.Release|Any CPU.Build.0 = Release|Any CPU
		{0AC7CA96-D10F-4418-AC14-707A71698182}.Debug|Any CPU.ActiveCfg = Debug|Any CPU
		{0AC7CA96-D10F-4418-AC14-707A71698182}.Debug|Any CPU.Build.0 = Debug|Any CPU
		{0AC7CA96-D10F-4418-AC14-707A71698182}.Release|Any CPU.ActiveCfg = Release|Any CPU
		{0AC7CA96-D10F-4418-AC14-707A71698182}.Release|Any CPU.Build.0 = Release|Any CPU
		{26473018-3DF2-42E4-8591-0E0B0241E89F}.Debug|Any CPU.ActiveCfg = Debug|Any CPU
		{26473018-3DF2-42E4-8591-0E0B0241E89F}.Debug|Any CPU.Build.0 = Debug|Any CPU
		{26473018-3DF2-42E4-8591-0E0B0241E89F}.Release|Any CPU.ActiveCfg = Release|Any CPU
		{26473018-3DF2-42E4-8591-0E0B0241E89F}.Release|Any CPU.Build.0 = Release|Any CPU
		{56B6AEF6-CE36-4DFD-8BFD-E11FBD2F522E}.Debug|Any CPU.ActiveCfg = Debug|Any CPU
		{56B6AEF6-CE36-4DFD-8BFD-E11FBD2F522E}.Debug|Any CPU.Build.0 = Debug|Any CPU
		{56B6AEF6-CE36-4DFD-8BFD-E11FBD2F522E}.Release|Any CPU.ActiveCfg = Release|Any CPU
		{56B6AEF6-CE36-4DFD-8BFD-E11FBD2F522E}.Release|Any CPU.Build.0 = Release|Any CPU
		{02DC14D6-E88B-4B2F-8036-806DCCCA2EB6}.Debug|Any CPU.ActiveCfg = Debug|Any CPU
		{02DC14D6-E88B-4B2F-8036-806DCCCA2EB6}.Debug|Any CPU.Build.0 = Debug|Any CPU
		{02DC14D6-E88B-4B2F-8036-806DCCCA2EB6}.Release|Any CPU.ActiveCfg = Release|Any CPU
		{733685ED-8072-461F-BC81-1FD8D8205647}.Debug|Any CPU.ActiveCfg = Debug|Any CPU
		{733685ED-8072-461F-BC81-1FD8D8205647}.Debug|Any CPU.Build.0 = Debug|Any CPU
		{733685ED-8072-461F-BC81-1FD8D8205647}.Release|Any CPU.ActiveCfg = Release|Any CPU
		{733685ED-8072-461F-BC81-1FD8D8205647}.Release|Any CPU.Build.0 = Release|Any CPU
		{A6AB4352-77EC-4188-8CD9-2F056271432A}.Debug|Any CPU.ActiveCfg = Debug|Any CPU
		{A6AB4352-77EC-4188-8CD9-2F056271432A}.Debug|Any CPU.Build.0 = Debug|Any CPU
		{A6AB4352-77EC-4188-8CD9-2F056271432A}.Release|Any CPU.ActiveCfg = Release|Any CPU
		{A6AB4352-77EC-4188-8CD9-2F056271432A}.Release|Any CPU.Build.0 = Release|Any CPU
	EndGlobalSection
	GlobalSection(SolutionProperties) = preSolution
		HideSolutionNode = FALSE
	EndGlobalSection
	GlobalSection(ExtensibilityGlobals) = postSolution
		SolutionGuid = {36FD1134-A91D-4328-99C0-5B9CAE5BB3D5}
	EndGlobalSection
EndGlobal
